
Microsoft Visual Studio Solution File, Format Version 12.00
# Visual Studio 15
VisualStudioVersion = 15.0.27004.2008
MinimumVisualStudioVersion = 10.0.40219.1
Project("{159641D6-6404-4A2A-AE62-294DE0FE8301}") = "Integration Services Project_13112017", "Integration Services Project_13112017\Integration Services Project_13112017.dtproj", "{D5AB5797-9B7D-4734-A6D4-E9CC364A6377}"
EndProject
Global
	GlobalSection(SolutionConfigurationPlatforms) = preSolution
		Development|Default = Development|Default
	EndGlobalSection
	GlobalSection(ProjectConfigurationPlatforms) = postSolution
		{D5AB5797-9B7D-4734-A6D4-E9CC364A6377}.Development|Default.ActiveCfg = Development
		{D5AB5797-9B7D-4734-A6D4-E9CC364A6377}.Development|Default.Build.0 = Development
	EndGlobalSection
	GlobalSection(SolutionProperties) = preSolution
		HideSolutionNode = FALSE
	EndGlobalSection
	GlobalSection(ExtensibilityGlobals) = postSolution
		SolutionGuid = {FB5FE294-2CBD-46D3-9504-034BA3E4B343}
	EndGlobalSection
EndGlobal
